
Microsoft Visual Studio Solution File, Format Version 12.00
# Visual Studio Version 18
VisualStudioVersion = 18.6.11806.211 stable
MinimumVisualStudioVersion = 10.0.40219.1
Project("{888888A0-9F3D-457C-B088-3A5042F75D52}") = "camAdjWebApp", "camAdjWebApp.pyproj", "{91AA8636-FF7F-4DD5-8EDB-091F00258BA3}"
EndProject
Global
	GlobalSection(SolutionConfigurationPlatforms) = preSolution
		Debug|Any CPU = Debug|Any CPU
		Release|Any CPU = Release|Any CPU
	EndGlobalSection
	GlobalSection(ProjectConfigurationPlatforms) = postSolution
		{91AA8636-FF7F-4DD5-8EDB-091F00258BA3}.Debug|Any CPU.ActiveCfg = Debug|Any CPU
		{91AA8636-FF7F-4DD5-8EDB-091F00258BA3}.Release|Any CPU.ActiveCfg = Release|Any CPU
	EndGlobalSection
	GlobalSection(SolutionProperties) = preSolution
		HideSolutionNode = FALSE
	EndGlobalSection
	GlobalSection(ExtensibilityGlobals) = postSolution
		SolutionGuid = {D2107092-4DBD-4A25-8F56-83674C0C0767}
	EndGlobalSection
EndGlobal
